
Microsoft Visual Studio Solution File, Format Version 12.00
# Visual Studio Version 16
VisualStudioVersion = 16.0.30104.148
MinimumVisualStudioVersion = 10.0.40219.1
Project("{FAE04EC0-301F-11D3-BF4B-00C04F79EFBC}") = "EFWallpaper", "EFWallpaper.csproj", "{AD608BA1-7BFC-402B-96DA-3514860E3819}"
EndProject
Global
	GlobalSection(SolutionConfigurationPlatforms) = preSolution
		Debug|Any CPU = Debug|Any CPU
		Release|Any CPU = Release|Any CPU
	EndGlobalSection
	GlobalSection(ProjectConfigurationPlatforms) = postSolution
		{AD608BA1-7BFC-402B-96DA-3514860E3819}.Debug|Any CPU.ActiveCfg = Debug|Any CPU
		{AD608BA1-7BFC-402B-96DA-3514860E3819}.Debug|Any CPU.Build.0 = Debug|Any CPU
		{AD608BA1-7BFC-402B-96DA-3514860E3819}.Release|Any CPU.ActiveCfg = Release|Any CPU
		{AD608BA1-7BFC-402B-96DA-3514860E3819}.Release|Any CPU.Build.0 = Release|Any CPU
	EndGlobalSection
	GlobalSection(SolutionProperties) = preSolution
		HideSolutionNode = FALSE
	EndGlobalSection
	GlobalSection(ExtensibilityGlobals) = postSolution
		SolutionGuid = {1B54DC2D-88E6-4A40-B01A-309BD19B5709}
	EndGlobalSection
EndGlobal
